
Microsoft Visual Studio Solution File, Format Version 12.00
# Visual Studio 2012
Project("{8BC9CEB8-8B4A-11D0-8D11-00A0C91BC942}") = "5.1.9.3.Obtaining_derived_data_from_object", "5.1.9.3.Obtaining_derived_data_from_object\5.1.9.3.Obtaining_derived_data_from_object.vcxproj", "{DFA4F218-F05A-42FA-8731-7E63B9CA1D76}"
EndProject
Global
	GlobalSection(SolutionConfigurationPlatforms) = preSolution
		Debug|Win32 = Debug|Win32
		Release|Win32 = Release|Win32
	EndGlobalSection
	GlobalSection(ProjectConfigurationPlatforms) = postSolution
		{DFA4F218-F05A-42FA-8731-7E63B9CA1D76}.Debug|Win32.ActiveCfg = Debug|Win32
		{DFA4F218-F05A-42FA-8731-7E63B9CA1D76}.Debug|Win32.Build.0 = Debug|Win32
		{DFA4F218-F05A-42FA-8731-7E63B9CA1D76}.Release|Win32.ActiveCfg = Release|Win32
		{DFA4F218-F05A-42FA-8731-7E63B9CA1D76}.Release|Win32.Build.0 = Release|Win32
	EndGlobalSection
	GlobalSection(SolutionProperties) = preSolution
		HideSolutionNode = FALSE
	EndGlobalSection
EndGlobal
