
Microsoft Visual Studio Solution File, Format Version 12.00
# Visual Studio 2012
Project("{8BC9CEB8-8B4A-11D0-8D11-00A0C91BC942}") = "4.5.7.6.Password_validation", "4.5.7.6.Password_validation\4.5.7.6.Password_validation.vcxproj", "{47416FC4-9726-499C-835E-DA7AD0CE84D9}"
EndProject
Global
	GlobalSection(SolutionConfigurationPlatforms) = preSolution
		Debug|Win32 = Debug|Win32
		Release|Win32 = Release|Win32
	EndGlobalSection
	GlobalSection(ProjectConfigurationPlatforms) = postSolution
		{47416FC4-9726-499C-835E-DA7AD0CE84D9}.Debug|Win32.ActiveCfg = Debug|Win32
		{47416FC4-9726-499C-835E-DA7AD0CE84D9}.Debug|Win32.Build.0 = Debug|Win32
		{47416FC4-9726-499C-835E-DA7AD0CE84D9}.Release|Win32.ActiveCfg = Release|Win32
		{47416FC4-9726-499C-835E-DA7AD0CE84D9}.Release|Win32.Build.0 = Release|Win32
	EndGlobalSection
	GlobalSection(SolutionProperties) = preSolution
		HideSolutionNode = FALSE
	EndGlobalSection
EndGlobal
