
Microsoft Visual Studio Solution File, Format Version 12.00
# Visual Studio 2012
Project("{8BC9CEB8-8B4A-11D0-8D11-00A0C91BC942}") = "4.5.7.7.Templates", "4.5.7.7.Templates\4.5.7.7.Templates.vcxproj", "{4E303A64-5753-4365-96A1-C490F74DA6AF}"
EndProject
Global
	GlobalSection(SolutionConfigurationPlatforms) = preSolution
		Debug|Win32 = Debug|Win32
		Release|Win32 = Release|Win32
	EndGlobalSection
	GlobalSection(ProjectConfigurationPlatforms) = postSolution
		{4E303A64-5753-4365-96A1-C490F74DA6AF}.Debug|Win32.ActiveCfg = Debug|Win32
		{4E303A64-5753-4365-96A1-C490F74DA6AF}.Debug|Win32.Build.0 = Debug|Win32
		{4E303A64-5753-4365-96A1-C490F74DA6AF}.Release|Win32.ActiveCfg = Release|Win32
		{4E303A64-5753-4365-96A1-C490F74DA6AF}.Release|Win32.Build.0 = Release|Win32
	EndGlobalSection
	GlobalSection(SolutionProperties) = preSolution
		HideSolutionNode = FALSE
	EndGlobalSection
EndGlobal
