
Microsoft Visual Studio Solution File, Format Version 12.00
# Visual Studio 2012
Project("{8BC9CEB8-8B4A-11D0-8D11-00A0C91BC942}") = "5.1.9.1.Classes_and_objects_in_c++", "5.1.9.1.Classes_and_objects_in_c++\5.1.9.1.Classes_and_objects_in_c++.vcxproj", "{C6A6180E-0330-4BA8-8EB4-6926A0536ABB}"
EndProject
Global
	GlobalSection(SolutionConfigurationPlatforms) = preSolution
		Debug|Win32 = Debug|Win32
		Release|Win32 = Release|Win32
	EndGlobalSection
	GlobalSection(ProjectConfigurationPlatforms) = postSolution
		{C6A6180E-0330-4BA8-8EB4-6926A0536ABB}.Debug|Win32.ActiveCfg = Debug|Win32
		{C6A6180E-0330-4BA8-8EB4-6926A0536ABB}.Debug|Win32.Build.0 = Debug|Win32
		{C6A6180E-0330-4BA8-8EB4-6926A0536ABB}.Release|Win32.ActiveCfg = Release|Win32
		{C6A6180E-0330-4BA8-8EB4-6926A0536ABB}.Release|Win32.Build.0 = Release|Win32
	EndGlobalSection
	GlobalSection(SolutionProperties) = preSolution
		HideSolutionNode = FALSE
	EndGlobalSection
EndGlobal
