
Microsoft Visual Studio Solution File, Format Version 12.00
# Visual Studio 2012
Project("{8BC9CEB8-8B4A-11D0-8D11-00A0C91BC942}") = "5.3.13.2.Singly_linked_list_p3", "5.3.13.2.Singly_linked_list_p3\5.3.13.2.Singly_linked_list_p3.vcxproj", "{CAAE95BB-46FE-466A-90D0-568C449CF162}"
EndProject
Global
	GlobalSection(SolutionConfigurationPlatforms) = preSolution
		Debug|Win32 = Debug|Win32
		Release|Win32 = Release|Win32
	EndGlobalSection
	GlobalSection(ProjectConfigurationPlatforms) = postSolution
		{CAAE95BB-46FE-466A-90D0-568C449CF162}.Debug|Win32.ActiveCfg = Debug|Win32
		{CAAE95BB-46FE-466A-90D0-568C449CF162}.Debug|Win32.Build.0 = Debug|Win32
		{CAAE95BB-46FE-466A-90D0-568C449CF162}.Release|Win32.ActiveCfg = Release|Win32
		{CAAE95BB-46FE-466A-90D0-568C449CF162}.Release|Win32.Build.0 = Release|Win32
	EndGlobalSection
	GlobalSection(SolutionProperties) = preSolution
		HideSolutionNode = FALSE
	EndGlobalSection
EndGlobal
