
Microsoft Visual Studio Solution File, Format Version 12.00
# Visual Studio 2012
Project("{8BC9CEB8-8B4A-11D0-8D11-00A0C91BC942}") = "4.4.1.1", "4.4.1.1\4.4.1.1.vcxproj", "{D19328D4-2D71-45EC-83D2-5C912875F0A6}"
EndProject
Global
	GlobalSection(SolutionConfigurationPlatforms) = preSolution
		Debug|Win32 = Debug|Win32
		Release|Win32 = Release|Win32
	EndGlobalSection
	GlobalSection(ProjectConfigurationPlatforms) = postSolution
		{D19328D4-2D71-45EC-83D2-5C912875F0A6}.Debug|Win32.ActiveCfg = Debug|Win32
		{D19328D4-2D71-45EC-83D2-5C912875F0A6}.Debug|Win32.Build.0 = Debug|Win32
		{D19328D4-2D71-45EC-83D2-5C912875F0A6}.Release|Win32.ActiveCfg = Release|Win32
		{D19328D4-2D71-45EC-83D2-5C912875F0A6}.Release|Win32.Build.0 = Release|Win32
	EndGlobalSection
	GlobalSection(SolutionProperties) = preSolution
		HideSolutionNode = FALSE
	EndGlobalSection
EndGlobal
