
Microsoft Visual Studio Solution File, Format Version 12.00
# Visual Studio 2012
Project("{8BC9CEB8-8B4A-11D0-8D11-00A0C91BC942}") = "2.3.19.5", "2.3.19.5\2.3.19.5.vcxproj", "{D1837AFD-B839-4EB5-8744-CD670BB37790}"
EndProject
Global
	GlobalSection(SolutionConfigurationPlatforms) = preSolution
		Debug|Win32 = Debug|Win32
		Release|Win32 = Release|Win32
	EndGlobalSection
	GlobalSection(ProjectConfigurationPlatforms) = postSolution
		{D1837AFD-B839-4EB5-8744-CD670BB37790}.Debug|Win32.ActiveCfg = Debug|Win32
		{D1837AFD-B839-4EB5-8744-CD670BB37790}.Debug|Win32.Build.0 = Debug|Win32
		{D1837AFD-B839-4EB5-8744-CD670BB37790}.Release|Win32.ActiveCfg = Release|Win32
		{D1837AFD-B839-4EB5-8744-CD670BB37790}.Release|Win32.Build.0 = Release|Win32
	EndGlobalSection
	GlobalSection(SolutionProperties) = preSolution
		HideSolutionNode = FALSE
	EndGlobalSection
EndGlobal
