
Microsoft Visual Studio Solution File, Format Version 12.00
# Visual Studio 2012
Project("{8BC9CEB8-8B4A-11D0-8D11-00A0C91BC942}") = "4.5.7.8.Ip_in_string", "4.5.7.8.Ip_in_string\4.5.7.8.Ip_in_string.vcxproj", "{8346E446-9371-406F-8CC9-BF72BC071205}"
EndProject
Global
	GlobalSection(SolutionConfigurationPlatforms) = preSolution
		Debug|Win32 = Debug|Win32
		Release|Win32 = Release|Win32
	EndGlobalSection
	GlobalSection(ProjectConfigurationPlatforms) = postSolution
		{8346E446-9371-406F-8CC9-BF72BC071205}.Debug|Win32.ActiveCfg = Debug|Win32
		{8346E446-9371-406F-8CC9-BF72BC071205}.Debug|Win32.Build.0 = Debug|Win32
		{8346E446-9371-406F-8CC9-BF72BC071205}.Release|Win32.ActiveCfg = Release|Win32
		{8346E446-9371-406F-8CC9-BF72BC071205}.Release|Win32.Build.0 = Release|Win32
	EndGlobalSection
	GlobalSection(SolutionProperties) = preSolution
		HideSolutionNode = FALSE
	EndGlobalSection
EndGlobal
