
Microsoft Visual Studio Solution File, Format Version 12.00
# Visual Studio 2012
Project("{8BC9CEB8-8B4A-11D0-8D11-00A0C91BC942}") = "5.3.13.1.Singly_linked_list_p1", "5.3.13.1.Singly_linked_list_p1\5.3.13.1.Singly_linked_list_p1.vcxproj", "{50934C09-FE7B-48BF-BC92-61EAA8AF5C64}"
EndProject
Global
	GlobalSection(SolutionConfigurationPlatforms) = preSolution
		Debug|Win32 = Debug|Win32
		Release|Win32 = Release|Win32
	EndGlobalSection
	GlobalSection(ProjectConfigurationPlatforms) = postSolution
		{50934C09-FE7B-48BF-BC92-61EAA8AF5C64}.Debug|Win32.ActiveCfg = Debug|Win32
		{50934C09-FE7B-48BF-BC92-61EAA8AF5C64}.Debug|Win32.Build.0 = Debug|Win32
		{50934C09-FE7B-48BF-BC92-61EAA8AF5C64}.Release|Win32.ActiveCfg = Release|Win32
		{50934C09-FE7B-48BF-BC92-61EAA8AF5C64}.Release|Win32.Build.0 = Release|Win32
	EndGlobalSection
	GlobalSection(SolutionProperties) = preSolution
		HideSolutionNode = FALSE
	EndGlobalSection
EndGlobal
