
Microsoft Visual Studio Solution File, Format Version 12.00
# Visual Studio 2012
Project("{8BC9CEB8-8B4A-11D0-8D11-00A0C91BC942}") = "4.5.7.2.Angrams", "4.5.7.2.Angrams\4.5.7.2.Angrams.vcxproj", "{EB57A380-131C-42A0-B0E9-894B6C87D890}"
EndProject
Global
	GlobalSection(SolutionConfigurationPlatforms) = preSolution
		Debug|Win32 = Debug|Win32
		Release|Win32 = Release|Win32
	EndGlobalSection
	GlobalSection(ProjectConfigurationPlatforms) = postSolution
		{EB57A380-131C-42A0-B0E9-894B6C87D890}.Debug|Win32.ActiveCfg = Debug|Win32
		{EB57A380-131C-42A0-B0E9-894B6C87D890}.Debug|Win32.Build.0 = Debug|Win32
		{EB57A380-131C-42A0-B0E9-894B6C87D890}.Release|Win32.ActiveCfg = Release|Win32
		{EB57A380-131C-42A0-B0E9-894B6C87D890}.Release|Win32.Build.0 = Release|Win32
	EndGlobalSection
	GlobalSection(SolutionProperties) = preSolution
		HideSolutionNode = FALSE
	EndGlobalSection
EndGlobal
