
Microsoft Visual Studio Solution File, Format Version 12.00
# Visual Studio 2012
Project("{8BC9CEB8-8B4A-11D0-8D11-00A0C91BC942}") = "2.3.19.7", "2.3.19.7\2.3.19.7.vcxproj", "{A3BFF166-0FA7-428B-A78F-ACA253E29B77}"
EndProject
Global
	GlobalSection(SolutionConfigurationPlatforms) = preSolution
		Debug|Win32 = Debug|Win32
		Release|Win32 = Release|Win32
	EndGlobalSection
	GlobalSection(ProjectConfigurationPlatforms) = postSolution
		{A3BFF166-0FA7-428B-A78F-ACA253E29B77}.Debug|Win32.ActiveCfg = Debug|Win32
		{A3BFF166-0FA7-428B-A78F-ACA253E29B77}.Debug|Win32.Build.0 = Debug|Win32
		{A3BFF166-0FA7-428B-A78F-ACA253E29B77}.Release|Win32.ActiveCfg = Release|Win32
		{A3BFF166-0FA7-428B-A78F-ACA253E29B77}.Release|Win32.Build.0 = Release|Win32
	EndGlobalSection
	GlobalSection(SolutionProperties) = preSolution
		HideSolutionNode = FALSE
	EndGlobalSection
EndGlobal
